# THIS IS AN AUTOGENERATED FILE. DO NOT EDIT THIS FILE DIRECTLY.
# yarn lockfile v1


"@openfonts/lato_latin@^1.44.2":
  version "1.44.2"
  resolved "https://registry.yarnpkg.com/@openfonts/lato_latin/-/lato_latin-1.44.2.tgz#b3ec4ea919c6d0063c55d00a287f182d4c56b635"
  integrity sha512-ldnYPvdPqcBaNJ6L4EvBD+Kt0aOeHhC8/yXr2jpyv7BQZuAYGdNlS8453i7sO9wCk8eSerFE+GZoIBLrVCUuNQ==

"@openfonts/raleway_latin@^1.44.1":
  version "1.44.1"
  resolved "https://registry.yarnpkg.com/@openfonts/raleway_latin/-/raleway_latin-1.44.1.tgz#2e3bb9a644ff820965a7aa6c7452e9d6d00878aa"
  integrity sha512-oa4o7N+P5XAjq5R6eWPnNLEcTiZrDjG6Yfi1D5A8tmcAR3wZt7rWiZ9ZdRWq3Haw8u7ixto39P477rZCdbihNw==

bootstrap@^4.6.1:
  version "4.6.1"
  resolved "https://registry.yarnpkg.com/bootstrap/-/bootstrap-4.6.1.tgz#bc25380c2c14192374e8dec07cf01b2742d222a2"
  integrity sha512-0dj+VgI9Ecom+rvvpNZ4MUZJz8dcX7WCX+eTID9+/8HgOkv3dsRzi8BGeZJCQU6flWQVYxwTQnEZFrmJSEO7og==

font-awesome@^4.7.0:
  version "4.7.0"
  resolved "https://registry.yarnpkg.com/font-awesome/-/font-awesome-4.7.0.tgz#8fa8cf0411a1a31afd07b06d2902bb9fc815a133"
  integrity sha1-j6jPBBGhoxr9B7BtKQK7n8gVoTM=

jquery@^3.6.0:
  version "3.6.0"
  resolved "https://registry.yarnpkg.com/jquery/-/jquery-3.6.0.tgz#c72a09f15c1bdce142f49dbf1170bdf8adac2470"
  integrity sha512-JVzAR/AjBvVt2BmYhxRCSYysDsPcssdmTFnzyLEts9qNwmjmu4JTAMYubEfwVOSwpQ1I1sKKFcxhZCI2buerfw==

popper.js@^1.16.1:
  version "1.16.1"
  resolved "https://registry.yarnpkg.com/popper.js/-/popper.js-1.16.1.tgz#2a223cb3dc7b6213d740e40372be40de43e65b1b"
  integrity sha512-Wb4p1J4zyFTbM+u6WuO4XstYx4Ky9Cewe4DWrel7B0w6VVICvPwdOpotjzcf6eD8TsckVnIMNONQyPIUFOUbCQ==
